# This file is automatically @generated by Cargo.
# It is not intended for manual editing.
version = 3

[[package]]
name = "inverted-index"
version = "0.1.0"
dependencies = [
 "json",
 "serde",
 "word_iter",
]

[[package]]
name = "json"
version = "0.12.4"
source = "registry+https://github.com/rust-lang/crates.io-index"
checksum = "078e285eafdfb6c4b434e0d31e8cfcb5115b651496faca5749b88fafd4f23bfd"

[[package]]
name = "serde"
version = "1.0.136"
source = "registry+https://github.com/rust-lang/crates.io-index"
checksum = "ce31e24b01e1e524df96f1c2fdd054405f8d7376249a5110886fb4b658484789"

[[package]]
name = "word_iter"
version = "0.2.1"
source = "registry+https://github.com/rust-lang/crates.io-index"
checksum = "f68cdd9d59ee7a806569ee7db9acb5a260f59f5b138d889923bb11034347c8ad"
